# THIS IS AN AUTOGENERATED FILE. DO NOT EDIT THIS FILE DIRECTLY.
# yarn lockfile v1


cmacc-lib-definitions@cmacclang/cmacc-lib-definitions@2.0.1:
  version "2.0.1"
  resolved "https://registry.yarnpkg.com/cmacc-lib-definitions/-/cmacc-lib-definitions-2.0.1.tgz#7a04a983fef742110f789d5477cc89ae80d556a3"
